
Microsoft Visual Studio Solution File, Format Version 12.00
# Visual Studio 2013
VisualStudioVersion = 12.0.31101.0
MinimumVisualStudioVersion = 10.0.40219.1
Project("{FAE04EC0-301F-11D3-BF4B-00C04F79EFBC}") = "ReleaseNotesProcessor", "ReleaseNotesProcessor\ReleaseNotesProcessor.csproj", "{DAA96740-C45E-438E-B4BD-BD7C171B991F}"
EndProject
Project("{FAE04EC0-301F-11D3-BF4B-00C04F79EFBC}") = "ReleaseNotesProcessorTest", "ReleaseNotesProcessorTest\ReleaseNotesProcessorTest.csproj", "{48341E8D-8FCC-44BF-A778-58F3B2F20609}"
EndProject
Global
	GlobalSection(SolutionConfigurationPlatforms) = preSolution
		Debug|Any CPU = Debug|Any CPU
		Release|Any CPU = Release|Any CPU
	EndGlobalSection
	GlobalSection(ProjectConfigurationPlatforms) = postSolution
		{DAA96740-C45E-438E-B4BD-BD7C171B991F}.Debug|Any CPU.ActiveCfg = Debug|Any CPU
		{DAA96740-C45E-438E-B4BD-BD7C171B991F}.Debug|Any CPU.Build.0 = Debug|Any CPU
		{DAA96740-C45E-438E-B4BD-BD7C171B991F}.Release|Any CPU.ActiveCfg = Release|Any CPU
		{DAA96740-C45E-438E-B4BD-BD7C171B991F}.Release|Any CPU.Build.0 = Release|Any CPU
		{48341E8D-8FCC-44BF-A778-58F3B2F20609}.Debug|Any CPU.ActiveCfg = Debug|Any CPU
		{48341E8D-8FCC-44BF-A778-58F3B2F20609}.Debug|Any CPU.Build.0 = Debug|Any CPU
		{48341E8D-8FCC-44BF-A778-58F3B2F20609}.Release|Any CPU.ActiveCfg = Release|Any CPU
		{48341E8D-8FCC-44BF-A778-58F3B2F20609}.Release|Any CPU.Build.0 = Release|Any CPU
	EndGlobalSection
	GlobalSection(SolutionProperties) = preSolution
		HideSolutionNode = FALSE
	EndGlobalSection
EndGlobal
